// !$*UTF8*$!
{
	archiveVersion = 1;
	classes = {
	};
	objectVersion = 46;
	objects = {

/* Begin PBXBuildFile section */
		66B08E791D4FCDFE000291B5 /* AppDelegate.swift in Sources */ = {isa = PBXBuildFile; fileRef = 66B08E781D4FCDFE000291B5 /* AppDelegate.swift */; };
		66B08E7B1D4FCDFE000291B5 /* ViewController.swift in Sources */ = {isa = PBXBuildFile; fileRef = 66B08E7A1D4FCDFE000291B5 /* ViewController.swift */; };
		66B08E7E1D4FCDFE000291B5 /* Main.storyboard in Resources */ = {isa = PBXBuildFile; fileRef = 66B08E7C1D4FCDFE000291B5 /* Main.storyboard */; };
		66B08E811D4FCDFE000291B5 /* WP_DataPull.xcdatamodeld in Sources */ = {isa = PBXBuildFile; fileRef = 66B08E7F1D4FCDFE000291B5 /* WP_DataPull.xcdatamodeld */; };
		66B08E831D4FCDFE000291B5 /* Assets.xcassets in Resources */ = {isa = PBXBuildFile; fileRef = 66B08E821D4FCDFE000291B5 /* Assets.xcassets */; };
		66B08E861D4FCDFE000291B5 /* LaunchScreen.storyboard in Resources */ = {isa = PBXBuildFile; fileRef = 66B08E841D4FCDFE000291B5 /* LaunchScreen.storyboard */; };
/* End PBXBuildFile section */

/* Begin PBXFileReference section */
		66B08E751D4FCDFE000291B5 /* WP-DataPull.app */ = {isa = PBXFileReference; explicitFileType = wrapper.application; includeInIndex = 0; path = "WP-DataPull.app"; sourceTree = BUILT_PRODUCTS_DIR; };
		66B08E781D4FCDFE000291B5 /* AppDelegate.swift */ = {isa = PBXFileReference; lastKnownFileType = sourcecode.swift; path = AppDelegate.swift; sourceTree = "<group>"; };
		66B08E7A1D4FCDFE000291B5 /* ViewController.swift */ = {isa = PBXFileReference; lastKnownFileType = sourcecode.swift; path = ViewController.swift; sourceTree = "<group>"; };
		66B08E7D1D4FCDFE000291B5 /* Base */ = {isa = PBXFileReference; lastKnownFileType = file.storyboard; name = Base; path = Base.lproj/Main.storyboard; sourceTree = "<group>"; };
		66B08E801D4FCDFE000291B5 /* WP_DataPull.xcdatamodel */ = {isa = PBXFileReference; lastKnownFileType = wrapper.xcdatamodel; path = WP_DataPull.xcdatamodel; sourceTree = "<group>"; };
		66B08E821D4FCDFE000291B5 /* Assets.xcassets */ = {isa = PBXFileReference; lastKnownFileType = folder.assetcatalog; path = Assets.xcassets; sourceTree = "<group>"; };
		66B08E851D4FCDFE000291B5 /* Base */ = {isa = PBXFileReference; lastKnownFileType = file.storyboard; name = Base; path = Base.lproj/LaunchScreen.storyboard; sourceTree = "<group>"; };
		66B08E871D4FCDFE000291B5 /* Info.plist */ = {isa = PBXFileReference; lastKnownFileType = text.plist.xml; path = Info.plist; sourceTree = "<group>"; };
/* End PBXFileReference section */

/* Begin PBXFrameworksBuildPhase section */
		66B08E721D4FCDFE000291B5 /* Frameworks */ = {
			isa = PBXFrameworksBuildPhase;
			buildActionMask = 2147483647;
			files = (
			);
			runOnlyForDeploymentPostprocessing = 0;
		};
/* End PBXFrameworksBuildPhase section */

/* Begin PBXGroup section */
		66B08E6C1D4FCDFE000291B5 = {
			isa = PBXGroup;
			children = (
				66B08E771D4FCDFE000291B5 /* WP-DataPull */,
				66B08E761D4FCDFE000291B5 /* Products */,
			);
			sourceTree = "<group>";
		};
		66B08E761D4FCDFE000291B5 /* Products */ = {
			isa = PBXGroup;
			children = (
				66B08E751D4FCDFE000291B5 /* WP-DataPull.app */,
			);
			name = Products;
			sourceTree = "<group>";
		};
		66B08E771D4FCDFE000291B5 /* WP-DataPull */ = {
			isa = PBXGroup;
			children = (
				66B08E781D4FCDFE000291B5 /* AppDelegate.swift */,
				66B08E7A1D4FCDFE000291B5 /* ViewController.swift */,
				66B08E7C1D4FCDFE000291B5 /* Main.storyboard */,
				66B08E821D4FCDFE000291B5 /* Assets.xcassets */,
				66B08E841D4FCDFE000291B5 /* LaunchScreen.storyboard */,
				66B08E871D4FCDFE000291B5 /* Info.plist */,
				66B08E7F1D4FCDFE000291B5 /* WP_DataPull.xcdatamodeld */,
			);
			path = "WP-DataPull";
			sourceTree = "<group>";
		};
/* End PBXGroup section */

/* Begin PBXNativeTarget section */
		66B08E741D4FCDFE000291B5 /* WP-DataPull */ = {
			isa = PBXNativeTarget;
			buildConfigurationList = 66B08E8A1D4FCDFE000291B5 /* Build configuration list for PBXNativeTarget "WP-DataPull" */;
			buildPhases = (
				66B08E711D4FCDFE000291B5 /* Sources */,
				66B08E721D4FCDFE000291B5 /* Frameworks */,
				66B08E731D4FCDFE000291B5 /* Resources */,
			);
			buildRules = (
			);
			dependencies = (
			);
			name = "WP-DataPull";
			productName = "WP-DataPull";
			productReference = 66B08E751D4FCDFE000291B5 /* WP-DataPull.app */;
			productType = "com.apple.product-type.application";
		};
/* End PBXNativeTarget section */

/* Begin PBXProject section */
		66B08E6D1D4FCDFE000291B5 /* Project object */ = {
			isa = PBXProject;
			attributes = {
				LastSwiftUpdateCheck = 0730;
				LastUpgradeCheck = 0730;
				ORGANIZATIONNAME = "Jim Haviland";
				TargetAttributes = {
					66B08E741D4FCDFE000291B5 = {
						CreatedOnToolsVersion = 7.3.1;
						DevelopmentTeam = Z566MD4478;
					};
				};
			};
			buildConfigurationList = 66B08E701D4FCDFE000291B5 /* Build configuration list for PBXProject "WP-DataPull" */;
			compatibilityVersion = "Xcode 3.2";
			developmentRegion = English;
			hasScannedForEncodings = 0;
			knownRegions = (
				en,
				Base,
			);
			mainGroup = 66B08E6C1D4FCDFE000291B5;
			productRefGroup = 66B08E761D4FCDFE000291B5 /* Products */;
			projectDirPath = "";
			projectRoot = "";
			targets = (
				66B08E741D4FCDFE000291B5 /* WP-DataPull */,
			);
		};
/* End PBXProject section */

/* Begin PBXResourcesBuildPhase section */
		66B08E731D4FCDFE000291B5 /* Resources */ = {
			isa = PBXResourcesBuildPhase;
			buildActionMask = 2147483647;
			files = (
				66B08E861D4FCDFE000291B5 /* LaunchScreen.storyboard in Resources */,
				66B08E831D4FCDFE000291B5 /* Assets.xcassets in Resources */,
				66B08E7E1D4FCDFE000291B5 /* Main.storyboard in Resources */,
			);
			runOnlyForDeploymentPostprocessing = 0;
		};
/* End PBXResourcesBuildPhase section */

/* Begin PBXSourcesBuildPhase section */
		66B08E711D4FCDFE000291B5 /* Sources */ = {
			isa = PBXSourcesBuildPhase;
			buildActionMask = 2147483647;
			files = (
				66B08E811D4FCDFE000291B5 /* WP_DataPull.xcdatamodeld in Sources */,
				66B08E7B1D4FCDFE000291B5 /* ViewController.swift in Sources */,
				66B08E791D4FCDFE000291B5 /* AppDelegate.swift in Sources */,
			);
			runOnlyForDeploymentPostprocessing = 0;
		};
/* End PBXSourcesBuildPhase section */

/* Begin PBXVariantGroup section */
		66B08E7C1D4FCDFE000291B5 /* Main.storyboard */ = {
			isa = PBXVariantGroup;
			children = (
				66B08E7D1D4FCDFE000291B5 /* Base */,
			);
			name = Main.storyboard;
			sourceTree = "<group>";
		};
		66B08E841D4FCDFE000291B5 /* LaunchScreen.storyboard */ = {
			isa = PBXVariantGroup;
			children = (
				66B08E851D4FCDFE000291B5 /* Base */,
			);
			name = LaunchScreen.storyboard;
			sourceTree = "<group>";
		};
/* End PBXVariantGroup section */

/* Begin XCBuildConfiguration section */
		66B08E881D4FCDFE000291B5 /* Debug */ = {
			isa = XCBuildConfiguration;
			buildSettings = {
				ALWAYS_SEARCH_USER_PATHS = NO;
				CLANG_ANALYZER_NONNULL = YES;
				CLANG_CXX_LANGUAGE_STANDARD = "gnu++0x";
				CLANG_CXX_LIBRARY = "libc++";
				CLANG_ENABLE_MODULES = YES;
				CLANG_ENABLE_OBJC_ARC = YES;
				CLANG_WARN_BOOL_CONVERSION = YES;
				CLANG_WARN_CONSTANT_CONVERSION = YES;
				CLANG_WARN_DIRECT_OBJC_ISA_USAGE = YES_ERROR;
				CLANG_WARN_EMPTY_BODY = YES;
				CLANG_WARN_ENUM_CONVERSION = YES;
				CLANG_WARN_INT_CONVERSION = YES;
				CLANG_WARN_OBJC_ROOT_CLASS = YES_ERROR;
				CLANG_WARN_UNREACHABLE_CODE = YES;
				CLANG_WARN__DUPLICATE_METHOD_MATCH = YES;
				"CODE_SIGN_IDENTITY[sdk=iphoneos*]" = "iPhone Developer";
				COPY_PHASE_STRIP = NO;
				DEBUG_INFORMATION_FORMAT = dwarf;
				ENABLE_STRICT_OBJC_MSGSEND = YES;
				ENABLE_TESTABILITY = YES;
				GCC_C_LANGUAGE_STANDARD = gnu99;
				GCC_DYNAMIC_NO_PIC = NO;
				GCC_NO_COMMON_BLOCKS = YES;
				GCC_OPTIMIZATION_LEVEL = 0;
				GCC_PREPROCESSOR_DEFINITIONS = (
					"DEBUG=1",
					"$(inherited)",
				);
				GCC_WARN_64_TO_32_BIT_CONVERSION = YES;
				GCC_WARN_ABOUT_RETURN_TYPE = YES_ERROR;
				GCC_WARN_UNDECLARED_SELECTOR = YES;
				GCC_WARN_UNINITIALIZED_AUTOS = YES_AGGRESSIVE;
				GCC_WARN_UNUSED_FUNCTION = YES;
				GCC_WARN_UNUSED_VARIABLE = YES;
				IPHONEOS_DEPLOYMENT_TARGET = 9.3;
				MTL_ENABLE_DEBUG_INFO = YES;
				ONLY_ACTIVE_ARCH = YES;
				SDKROOT = iphoneos;
				SWIFT_OPTIMIZATION_LEVEL = "-Onone";
			};
			name = Debug;
		};
		66B08E891D4FCDFE000291B5 /* Release */ = {
			isa = XCBuildConfiguration;
			buildSettings = {
				ALWAYS_SEARCH_USER_PATHS = NO;
				CLANG_ANALYZER_NONNULL = YES;
				CLANG_CXX_LANGUAGE_STANDARD = "gnu++0x";
				CLANG_CXX_LIBRARY = "libc++";
				CLANG_ENABLE_MODULES = YES;
				CLANG_ENABLE_OBJC_ARC = YES;
				CLANG_WARN_BOOL_CONVERSION = YES;
				CLANG_WARN_CONSTANT_CONVERSION = YES;
				CLANG_WARN_DIRECT_OBJC_ISA_USAGE = YES_ERROR;
				CLANG_WARN_EMPTY_BODY = YES;
				CLANG_WARN_ENUM_CONVERSION = YES;
				CLANG_WARN_INT_CONVERSION = YES;
				CLANG_WARN_OBJC_ROOT_CLASS = YES_ERROR;
				CLANG_WARN_UNREACHABLE_CODE = YES;
				CLANG_WARN__DUPLICATE_METHOD_MATCH = YES;
				"CODE_SIGN_IDENTITY[sdk=iphoneos*]" = "iPhone Developer";
				COPY_PHASE_STRIP = NO;
				DEBUG_INFORMATION_FORMAT = "dwarf-with-dsym";
				ENABLE_NS_ASSERTIONS = NO;
				ENABLE_STRICT_OBJC_MSGSEND = YES;
				GCC_C_LANGUAGE_STANDARD = gnu99;
				GCC_NO_COMMON_BLOCKS = YES;
				GCC_WARN_64_TO_32_BIT_CONVERSION = YES;
				GCC_WARN_ABOUT_RETURN_TYPE = YES_ERROR;
				GCC_WARN_UNDECLARED_SELECTOR = YES;
				GCC_WARN_UNINITIALIZED_AUTOS = YES_AGGRESSIVE;
				GCC_WARN_UNUSED_FUNCTION = YES;
				GCC_WARN_UNUSED_VARIABLE = YES;
				IPHONEOS_DEPLOYMENT_TARGET = 9.3;
				MTL_ENABLE_DEBUG_INFO = NO;
				SDKROOT = iphoneos;
				VALIDATE_PRODUCT = YES;
			};
			name = Release;
		};
		66B08E8B1D4FCDFE000291B5 /* Debug */ = {
			isa = XCBuildConfiguration;
			buildSettings = {
				ASSETCATALOG_COMPILER_APPICON_NAME = AppIcon;
				CODE_SIGN_IDENTITY = "iPhone Developer";
				"CODE_SIGN_IDENTITY[sdk=iphoneos*]" = "iPhone Developer";
				INFOPLIST_FILE = "WP-DataPull/Info.plist";
				LD_RUNPATH_SEARCH_PATHS = "$(inherited) @executable_path/Frameworks";
				PRODUCT_BUNDLE_IDENTIFIER = "com.gobuzzgo.WP-DataPull";
				PRODUCT_NAME = "$(TARGET_NAME)";
				PROVISIONING_PROFILE = "";
			};
			name = Debug;
		};
		66B08E8C1D4FCDFE000291B5 /* Release */ = {
			isa = XCBuildConfiguration;
			buildSettings = {
				ASSETCATALOG_COMPILER_APPICON_NAME = AppIcon;
				CODE_SIGN_IDENTITY = "iPhone Developer";
				"CODE_SIGN_IDENTITY[sdk=iphoneos*]" = "iPhone Developer";
				INFOPLIST_FILE = "WP-DataPull/Info.plist";
				LD_RUNPATH_SEARCH_PATHS = "$(inherited) @executable_path/Frameworks";
				PRODUCT_BUNDLE_IDENTIFIER = "com.gobuzzgo.WP-DataPull";
				PRODUCT_NAME = "$(TARGET_NAME)";
				PROVISIONING_PROFILE = "";
			};
			name = Release;
		};
/* End XCBuildConfiguration section */

/* Begin XCConfigurationList section */
		66B08E701D4FCDFE000291B5 /* Build configuration list for PBXProject "WP-DataPull" */ = {
			isa = XCConfigurationList;
			buildConfigurations = (
				66B08E881D4FCDFE000291B5 /* Debug */,
				66B08E891D4FCDFE000291B5 /* Release */,
			);
			defaultConfigurationIsVisible = 0;
			defaultConfigurationName = Release;
		};
		66B08E8A1D4FCDFE000291B5 /* Build configuration list for PBXNativeTarget "WP-DataPull" */ = {
			isa = XCConfigurationList;
			buildConfigurations = (
				66B08E8B1D4FCDFE000291B5 /* Debug */,
				66B08E8C1D4FCDFE000291B5 /* Release */,
			);
			defaultConfigurationIsVisible = 0;
		};
/* End XCConfigurationList section */

/* Begin XCVersionGroup section */
		66B08E7F1D4FCDFE000291B5 /* WP_DataPull.xcdatamodeld */ = {
			isa = XCVersionGroup;
			children = (
				66B08E801D4FCDFE000291B5 /* WP_DataPull.xcdatamodel */,
			);
			currentVersion = 66B08E801D4FCDFE000291B5 /* WP_DataPull.xcdatamodel */;
			path = WP_DataPull.xcdatamodeld;
			sourceTree = "<group>";
			versionGroupType = wrapper.xcdatamodel;
		};
/* End XCVersionGroup section */
	};
	rootObject = 66B08E6D1D4FCDFE000291B5 /* Project object */;
}
